
Microsoft Visual Studio Solution File, Format Version 12.00
# Visual Studio 15
VisualStudioVersion = 15.0.27703.2018
MinimumVisualStudioVersion = 10.0.40219.1
Project("{FAE04EC0-301F-11D3-BF4B-00C04F79EFBC}") = "main-proc-server", "main-proc-server\main-proc-server.csproj", "{B64393F6-8F2F-4446-9CC7-32CF52197D80}"
EndProject
Global
	GlobalSection(SolutionConfigurationPlatforms) = preSolution
		Debug|Any CPU = Debug|Any CPU
		Release|Any CPU = Release|Any CPU
	EndGlobalSection
	GlobalSection(ProjectConfigurationPlatforms) = postSolution
		{B64393F6-8F2F-4446-9CC7-32CF52197D80}.Debug|Any CPU.ActiveCfg = Debug|Any CPU
		{B64393F6-8F2F-4446-9CC7-32CF52197D80}.Debug|Any CPU.Build.0 = Debug|Any CPU
		{B64393F6-8F2F-4446-9CC7-32CF52197D80}.Release|Any CPU.ActiveCfg = Release|Any CPU
		{B64393F6-8F2F-4446-9CC7-32CF52197D80}.Release|Any CPU.Build.0 = Release|Any CPU
	EndGlobalSection
	GlobalSection(SolutionProperties) = preSolution
		HideSolutionNode = FALSE
	EndGlobalSection
	GlobalSection(ExtensibilityGlobals) = postSolution
		SolutionGuid = {5C095465-80A7-45B7-953D-1BDF02F45841}
	EndGlobalSection
EndGlobal
